
Microsoft Visual Studio Solution File, Format Version 12.00
# Visual Studio Version 17
VisualStudioVersion = 17.11.35431.28
MinimumVisualStudioVersion = 10.0.40219.1
Project("{9A19103F-16F7-4668-BE54-9A1E7A4F7556}") = "CilsyFiolution", "CilsyFiolution.csproj", "{A62F210B-67FB-443D-A79D-52444840D859}"
EndProject
Global
	GlobalSection(SolutionConfigurationPlatforms) = preSolution
		Debug|Any CPU = Debug|Any CPU
		Release|Any CPU = Release|Any CPU
	EndGlobalSection
	GlobalSection(ProjectConfigurationPlatforms) = postSolution
		{A62F210B-67FB-443D-A79D-52444840D859}.Debug|Any CPU.ActiveCfg = Debug|Any CPU
		{A62F210B-67FB-443D-A79D-52444840D859}.Debug|Any CPU.Build.0 = Debug|Any CPU
		{A62F210B-67FB-443D-A79D-52444840D859}.Release|Any CPU.ActiveCfg = Release|Any CPU
		{A62F210B-67FB-443D-A79D-52444840D859}.Release|Any CPU.Build.0 = Release|Any CPU
	EndGlobalSection
	GlobalSection(SolutionProperties) = preSolution
		HideSolutionNode = FALSE
	EndGlobalSection
	GlobalSection(ExtensibilityGlobals) = postSolution
		SolutionGuid = {99A35C45-5E91-4F85-A509-38A488721AB6}
	EndGlobalSection
EndGlobal
